// !$*UTF8*$!
{
	archiveVersion = 1;
	classes = {
	};
	objectVersion = 56;
	objects = {

/* Begin PBXBuildFile section */
		C1000001000000000000000001 /* HealthOSApp.swift in Sources */ = {isa = PBXBuildFile; fileRef = B1000001000000000000000001 /* HealthOSApp.swift */; };
		C1000002000000000000000001 /* Config.swift in Sources */ = {isa = PBXBuildFile; fileRef = B2000001000000000000000001 /* Config.swift */; };
		C1000003000000000000000001 /* Assets.xcassets in Resources */ = {isa = PBXBuildFile; fileRef = B1000003000000000000000001 /* Assets.xcassets */; };
		C1000004000000000000000001 /* Supabase in Frameworks */ = {isa = PBXBuildFile; productRef = E1000002000000000000000001 /* Supabase */; };
		C1000006000000000000000001 /* Profile.swift in Sources */ = {isa = PBXBuildFile; fileRef = B1000006000000000000000001 /* Profile.swift */; };
		C1000007000000000000000001 /* ConnectedIntegration.swift in Sources */ = {isa = PBXBuildFile; fileRef = B1000007000000000000000001 /* ConnectedIntegration.swift */; };
		C1000008000000000000000001 /* HealthMetric.swift in Sources */ = {isa = PBXBuildFile; fileRef = B1000008000000000000000001 /* HealthMetric.swift */; };
		C1000009000000000000000001 /* SupabaseService.swift in Sources */ = {isa = PBXBuildFile; fileRef = B1000009000000000000000001 /* SupabaseService.swift */; };
		C100000A000000000000000001 /* HealthKitService.swift in Sources */ = {isa = PBXBuildFile; fileRef = B100000A000000000000000001 /* HealthKitService.swift */; };
		C100000B000000000000000001 /* CalendarService.swift in Sources */ = {isa = PBXBuildFile; fileRef = B100000B000000000000000001 /* CalendarService.swift */; };
		C100000C000000000000000001 /* LoginView.swift in Sources */ = {isa = PBXBuildFile; fileRef = B100000C000000000000000001 /* LoginView.swift */; };
		C100000D000000000000000001 /* OnboardingView.swift in Sources */ = {isa = PBXBuildFile; fileRef = B100000D000000000000000001 /* OnboardingView.swift */; };
		C100000E000000000000000001 /* HomeView.swift in Sources */ = {isa = PBXBuildFile; fileRef = B100000E000000000000000001 /* HomeView.swift */; };
		C100000F000000000000000001 /* IntegrationsView.swift in Sources */ = {isa = PBXBuildFile; fileRef = B100000F000000000000000001 /* IntegrationsView.swift */; };
/* End PBXBuildFile section */

/* Begin PBXFileReference section */
		A2000004000000000000000001 /* HealthOS.app */ = {isa = PBXFileReference; explicitFileType = wrapper.application; includeInIndex = 0; path = HealthOS.app; sourceTree = BUILT_PRODUCTS_DIR; };
		B1000001000000000000000001 /* HealthOSApp.swift */ = {isa = PBXFileReference; lastKnownFileType = sourcecode.swift; path = HealthOSApp.swift; sourceTree = "<group>"; };
		B1000002000000000000000001 /* Info.plist */ = {isa = PBXFileReference; lastKnownFileType = text.plist.xml; path = Info.plist; sourceTree = "<group>"; };
		B1000003000000000000000001 /* Assets.xcassets */ = {isa = PBXFileReference; lastKnownFileType = folder.assetcatalog; path = Assets.xcassets; sourceTree = "<group>"; };
		B1000004000000000000000001 /* HealthOS.entitlements */ = {isa = PBXFileReference; lastKnownFileType = text.plist.entitlements; path = HealthOS.entitlements; sourceTree = "<group>"; };
		B1000005000000000000000001 /* Config.xcconfig.template */ = {isa = PBXFileReference; lastKnownFileType = text.xcconfig; path = Config.xcconfig.template; sourceTree = "<group>"; };
		B1000006000000000000000001 /* Profile.swift */ = {isa = PBXFileReference; lastKnownFileType = sourcecode.swift; path = Profile.swift; sourceTree = "<group>"; };
		B1000007000000000000000001 /* ConnectedIntegration.swift */ = {isa = PBXFileReference; lastKnownFileType = sourcecode.swift; path = ConnectedIntegration.swift; sourceTree = "<group>"; };
		B1000008000000000000000001 /* HealthMetric.swift */ = {isa = PBXFileReference; lastKnownFileType = sourcecode.swift; path = HealthMetric.swift; sourceTree = "<group>"; };
		B1000009000000000000000001 /* SupabaseService.swift */ = {isa = PBXFileReference; lastKnownFileType = sourcecode.swift; path = SupabaseService.swift; sourceTree = "<group>"; };
		B100000A000000000000000001 /* HealthKitService.swift */ = {isa = PBXFileReference; lastKnownFileType = sourcecode.swift; path = HealthKitService.swift; sourceTree = "<group>"; };
		B100000B000000000000000001 /* CalendarService.swift */ = {isa = PBXFileReference; lastKnownFileType = sourcecode.swift; path = CalendarService.swift; sourceTree = "<group>"; };
		B100000C000000000000000001 /* LoginView.swift */ = {isa = PBXFileReference; lastKnownFileType = sourcecode.swift; path = LoginView.swift; sourceTree = "<group>"; };
		B100000D000000000000000001 /* OnboardingView.swift */ = {isa = PBXFileReference; lastKnownFileType = sourcecode.swift; path = OnboardingView.swift; sourceTree = "<group>"; };
		B100000E000000000000000001 /* HomeView.swift */ = {isa = PBXFileReference; lastKnownFileType = sourcecode.swift; path = HomeView.swift; sourceTree = "<group>"; };
		B100000F000000000000000001 /* IntegrationsView.swift */ = {isa = PBXFileReference; lastKnownFileType = sourcecode.swift; path = IntegrationsView.swift; sourceTree = "<group>"; };
		B2000001000000000000000001 /* Config.swift */ = {isa = PBXFileReference; lastKnownFileType = sourcecode.swift; path = Config.swift; sourceTree = "<group>"; };
		F0000002000000000000000001 /* Config.xcconfig */ = {isa = PBXFileReference; lastKnownFileType = text.xcconfig; name = Config.xcconfig; path = HealthOS/Config.xcconfig; sourceTree = SOURCE_ROOT; };
/* End PBXFileReference section */

/* Begin PBXFrameworksBuildPhase section */
		A2000003000000000000000001 /* Frameworks */ = {
			isa = PBXFrameworksBuildPhase;
			buildActionMask = 2147483647;
			files = (
				C1000004000000000000000001 /* Supabase in Frameworks */,
			);
			runOnlyForDeploymentPostprocessing = 0;
		};
/* End PBXFrameworksBuildPhase section */

/* Begin PBXGroup section */
		F0000000000000000000001A00 /* <group> */ = {
			isa = PBXGroup;
			children = (
				A1000007000000000000000001 /* HealthOS */,
				A1000008000000000000000001 /* Products */,
			);
			sourceTree = "<group>";
		};
		A1000007000000000000000001 /* HealthOS */ = {
			isa = PBXGroup;
			children = (
				B1000001000000000000000001 /* HealthOSApp.swift */,
				B2000001000000000000000001 /* Config.swift */,
				B1000002000000000000000001 /* Info.plist */,
				B1000003000000000000000001 /* Assets.xcassets */,
				B1000004000000000000000001 /* HealthOS.entitlements */,
				B1000005000000000000000001 /* Config.xcconfig.template */,
				F0000002000000000000000001 /* Config.xcconfig */,
				D1000001000000000000000001 /* Models */,
				D1000002000000000000000001 /* Services */,
				D1000005000000000000000001 /* Views */,
			);
			path = HealthOS;
			sourceTree = "<group>";
		};
		A1000008000000000000000001 /* Products */ = {
			isa = PBXGroup;
			children = (
				A2000004000000000000000001 /* HealthOS.app */,
			);
			name = Products;
			sourceTree = "<group>";
		};
		D1000001000000000000000001 /* Models */ = {
			isa = PBXGroup;
			children = (
				B1000006000000000000000001 /* Profile.swift */,
				B1000007000000000000000001 /* ConnectedIntegration.swift */,
				B1000008000000000000000001 /* HealthMetric.swift */,
			);
			path = Models;
			sourceTree = "<group>";
		};
		D1000002000000000000000001 /* Services */ = {
			isa = PBXGroup;
			children = (
				B1000009000000000000000001 /* SupabaseService.swift */,
				D1000003000000000000000001 /* HealthKit */,
				D1000004000000000000000001 /* Calendar */,
			);
			path = Services;
			sourceTree = "<group>";
		};
		D1000003000000000000000001 /* HealthKit */ = {
			isa = PBXGroup;
			children = (
				B100000A000000000000000001 /* HealthKitService.swift */,
			);
			path = HealthKit;
			sourceTree = "<group>";
		};
		D1000004000000000000000001 /* Calendar */ = {
			isa = PBXGroup;
			children = (
				B100000B000000000000000001 /* CalendarService.swift */,
			);
			path = Calendar;
			sourceTree = "<group>";
		};
		D1000005000000000000000001 /* Views */ = {
			isa = PBXGroup;
			children = (
				D1000006000000000000000001 /* Auth */,
				D1000007000000000000000001 /* Onboarding */,
				D1000008000000000000000001 /* Home */,
				D1000009000000000000000001 /* Settings */,
			);
			path = Views;
			sourceTree = "<group>";
		};
		D1000006000000000000000001 /* Auth */ = {
			isa = PBXGroup;
			children = (
				B100000C000000000000000001 /* LoginView.swift */,
			);
			path = Auth;
			sourceTree = "<group>";
		};
		D1000007000000000000000001 /* Onboarding */ = {
			isa = PBXGroup;
			children = (
				B100000D000000000000000001 /* OnboardingView.swift */,
			);
			path = Onboarding;
			sourceTree = "<group>";
		};
		D1000008000000000000000001 /* Home */ = {
			isa = PBXGroup;
			children = (
				B100000E000000000000000001 /* HomeView.swift */,
			);
			path = Home;
			sourceTree = "<group>";
		};
		D1000009000000000000000001 /* Settings */ = {
			isa = PBXGroup;
			children = (
				B100000F000000000000000001 /* IntegrationsView.swift */,
			);
			path = Settings;
			sourceTree = "<group>";
		};
/* End PBXGroup section */

/* Begin PBXNativeTarget section */
		A1000009000000000000000001 /* HealthOS */ = {
			isa = PBXNativeTarget;
			buildConfigurationList = A100000B000000000000000001 /* Build configuration list for PBXNativeTarget "HealthOS" */;
			buildPhases = (
				A2000003000000000000000001 /* Frameworks */,
				A2000001000000000000000001 /* Sources */,
				A2000002000000000000000001 /* Resources */,
			);
			buildRules = (
			);
			dependencies = (
			);
			name = HealthOS;
			packageProductDependencies = (
				E1000002000000000000000001 /* Supabase */,
			);
			productName = HealthOS;
			productReference = A2000004000000000000000001 /* HealthOS.app */;
			productType = "com.apple.product-type.application";
		};
/* End PBXNativeTarget section */

/* Begin PBXProject section */
		A1000006000000000000000001 /* Project object */ = {
			isa = PBXProject;
			attributes = {
				BuildIndependentTargetsInParallel = 1;
				LastSwiftUpdateCheck = 1500;
				LastUpgradeCheck = 1500;
				TargetAttributes = {
					A1000009000000000000000001 = {
						CreatedOnToolsVersion = 15.0;
					};
				};
			};
			buildConfigurationList = A100000A000000000000000001 /* Build configuration list for PBXProject "HealthOS" */;
			compatibilityVersion = "Xcode 14.0";
			developmentRegion = en;
			hasScannedForEncodings = 0;
			knownRegions = (
				en,
				Base,
			);
			mainGroup = F0000000000000000000001A00;
			packageReferences = (
				E1000001000000000000000001 /* XCRemoteSwiftPackageReference "supabase-swift" */,
			);
			productRefGroup = A1000008000000000000000001 /* Products */;
			projectDirPath = "";
			projectRoot = "";
			targets = (
				A1000009000000000000000001 /* HealthOS */,
			);
		};
/* End PBXProject section */

/* Begin PBXResourcesBuildPhase section */
		A2000002000000000000000001 /* Resources */ = {
			isa = PBXResourcesBuildPhase;
			buildActionMask = 2147483647;
			files = (
				C1000003000000000000000001 /* Assets.xcassets in Resources */,
			);
			runOnlyForDeploymentPostprocessing = 0;
		};
/* End PBXResourcesBuildPhase section */

/* Begin PBXSourcesBuildPhase section */
		A2000001000000000000000001 /* Sources */ = {
			isa = PBXSourcesBuildPhase;
			buildActionMask = 2147483647;
			files = (
				C1000001000000000000000001 /* HealthOSApp.swift in Sources */,
				C1000002000000000000000001 /* Config.swift in Sources */,
				C1000006000000000000000001 /* Profile.swift in Sources */,
				C1000007000000000000000001 /* ConnectedIntegration.swift in Sources */,
				C1000008000000000000000001 /* HealthMetric.swift in Sources */,
				C1000009000000000000000001 /* SupabaseService.swift in Sources */,
				C100000A000000000000000001 /* HealthKitService.swift in Sources */,
				C100000B000000000000000001 /* CalendarService.swift in Sources */,
				C100000C000000000000000001 /* LoginView.swift in Sources */,
				C100000D000000000000000001 /* OnboardingView.swift in Sources */,
				C100000E000000000000000001 /* HomeView.swift in Sources */,
				C100000F000000000000000001 /* IntegrationsView.swift in Sources */,
			);
			runOnlyForDeploymentPostprocessing = 0;
		};
/* End PBXSourcesBuildPhase section */

/* Begin XCBuildConfiguration section */
		A100000C000000000000000001 /* Debug */ = {
			isa = XCBuildConfiguration;
			name = Debug;
			buildSettings = {
				ALWAYS_SEARCH_USER_PATHS = NO;
				ASSETCATALOG_COMPILER_GENERATE_SWIFT_ASSET_SYMBOL_EXTENSIONS = YES;
				CLANG_ANALYZER_NONNULL = YES;
				CLANG_ANALYZER_NUMBER_OBJECT_CONVERSION = YES_AGGRESSIVE;
				CLANG_CXX_LANGUAGE_STANDARD = "gnu++20";
				CLANG_ENABLE_MODULES = YES;
				CLANG_ENABLE_OBJC_ARC = YES;
				CLANG_ENABLE_OBJC_WEAK = YES;
				CLANG_WARN_BLOCK_CAPTURE_AUTORELEASING = YES;
				CLANG_WARN_BOOL_CONVERSION = YES;
				CLANG_WARN_COMMA = YES;
				CLANG_WARN_CONSTANT_CONVERSION = YES;
				CLANG_WARN_DEPRECATED_OBJC_IMPLEMENTATIONS = YES;
				CLANG_WARN_DIRECT_OBJC_ISA_USAGE = YES_ERROR;
				CLANG_WARN_DOCUMENTATION_COMMENTS = YES;
				CLANG_WARN_EMPTY_BODY = YES;
				CLANG_WARN_ENUM_CONVERSION = YES;
				CLANG_WARN_INFINITE_RECURSION = YES;
				CLANG_WARN_INT_CONVERSION = YES;
				CLANG_WARN_NON_LITERAL_NULL_CONVERSION = YES;
				CLANG_WARN_OBJC_IMPLICIT_RETAIN_SELF = YES;
				CLANG_WARN_OBJC_LITERAL_CONVERSION = YES;
				CLANG_WARN_OBJC_ROOT_CLASS = YES_ERROR;
				CLANG_WARN_QUOTED_INCLUDE_IN_FRAMEWORK_HEADER = YES;
				CLANG_WARN_RANGE_LOOP_ANALYSIS = YES;
				CLANG_WARN_STRICT_PROTOTYPES = YES;
				CLANG_WARN_SUSPICIOUS_MOVE = YES;
				CLANG_WARN_UNGUARDED_AVAILABILITY = YES_AGGRESSIVE;
				CLANG_WARN_UNREACHABLE_CODE = YES;
				CLANG_WARN__DUPLICATE_METHOD_NAMES = YES;
				COPY_PHASE_STRIP = NO;
				DEBUG_INFORMATION_FORMAT = dwarf;
				ENABLE_STRICT_OBJC_MSGSEND = YES;
				ENABLE_TESTABILITY = YES;
				ENABLE_USER_SCRIPT_SANDBOXING = YES;
				GCC_C_LANGUAGE_STANDARD = gnu17;
				GCC_DYNAMIC_NO_PIC = NO;
				GCC_NO_COMMON_BLOCKS = YES;
				GCC_OPTIMIZATION_LEVEL = 0;
				GCC_PREPROCESSOR_DEFINITIONS = (
					"DEBUG=1",
					"$(inherited)",
				);
				GCC_WARN_64_TO_32_BIT_CONVERSION = YES;
				GCC_WARN_ABOUT_RETURN_TYPE = YES_ERROR;
				GCC_WARN_UNDECLARED_SELECTOR = YES;
				GCC_WARN_UNINITIALIZED_AUTOS = YES_AGGRESSIVE;
				GCC_WARN_UNUSED_FUNCTION = YES;
				GCC_WARN_UNUSED_VARIABLE = YES;
				IPHONEOS_DEPLOYMENT_TARGET = 17.0;
				MTL_ENABLE_DEBUG_INFO = INCLUDE_SOURCE;
				MTL_FAST_MATH = YES;
				ONLY_ACTIVE_ARCH = YES;
				SDKROOT = iphoneos;
				SWIFT_ACTIVE_COMPILATION_CONDITIONS = DEBUG;
				SWIFT_OPTIMIZATION_LEVEL = "-Onone";
			};
		};
		A100000D000000000000000001 /* Release */ = {
			isa = XCBuildConfiguration;
			name = Release;
			buildSettings = {
				ALWAYS_SEARCH_USER_PATHS = NO;
				ASSETCATALOG_COMPILER_GENERATE_SWIFT_ASSET_SYMBOL_EXTENSIONS = YES;
				CLANG_ANALYZER_NONNULL = YES;
				CLANG_ANALYZER_NUMBER_OBJECT_CONVERSION = YES_AGGRESSIVE;
				CLANG_CXX_LANGUAGE_STANDARD = "gnu++20";
				CLANG_ENABLE_MODULES = YES;
				CLANG_ENABLE_OBJC_ARC = YES;
				CLANG_ENABLE_OBJC_WEAK = YES;
				CLANG_WARN_BLOCK_CAPTURE_AUTORELEASING = YES;
				CLANG_WARN_BOOL_CONVERSION = YES;
				CLANG_WARN_COMMA = YES;
				CLANG_WARN_CONSTANT_CONVERSION = YES;
				CLANG_WARN_DEPRECATED_OBJC_IMPLEMENTATIONS = YES;
				CLANG_WARN_DIRECT_OBJC_ISA_USAGE = YES_ERROR;
				CLANG_WARN_DOCUMENTATION_COMMENTS = YES;
				CLANG_WARN_EMPTY_BODY = YES;
				CLANG_WARN_ENUM_CONVERSION = YES;
				CLANG_WARN_INFINITE_RECURSION = YES;
				CLANG_WARN_INT_CONVERSION = YES;
				CLANG_WARN_NON_LITERAL_NULL_CONVERSION = YES;
				CLANG_WARN_OBJC_IMPLICIT_RETAIN_SELF = YES;
				CLANG_WARN_OBJC_LITERAL_CONVERSION = YES;
				CLANG_WARN_OBJC_ROOT_CLASS = YES_ERROR;
				CLANG_WARN_QUOTED_INCLUDE_IN_FRAMEWORK_HEADER = YES;
				CLANG_WARN_RANGE_LOOP_ANALYSIS = YES;
				CLANG_WARN_STRICT_PROTOTYPES = YES;
				CLANG_WARN_SUSPICIOUS_MOVE = YES;
				CLANG_WARN_UNGUARDED_AVAILABILITY = YES_AGGRESSIVE;
				CLANG_WARN_UNREACHABLE_CODE = YES;
				CLANG_WARN__DUPLICATE_METHOD_NAMES = YES;
				COPY_PHASE_STRIP = NO;
				DEBUG_INFORMATION_FORMAT = "dwarf-with-dsym";
				ENABLE_NS_ASSERTIONS = NO;
				ENABLE_STRICT_OBJC_MSGSEND = YES;
				ENABLE_USER_SCRIPT_SANDBOXING = YES;
				GCC_C_LANGUAGE_STANDARD = gnu17;
				GCC_NO_COMMON_BLOCKS = YES;
				GCC_WARN_64_TO_32_BIT_CONVERSION = YES;
				GCC_WARN_ABOUT_RETURN_TYPE = YES_ERROR;
				GCC_WARN_UNDECLARED_SELECTOR = YES;
				GCC_WARN_UNINITIALIZED_AUTOS = YES_AGGRESSIVE;
				GCC_WARN_UNUSED_FUNCTION = YES;
				GCC_WARN_UNUSED_VARIABLE = YES;
				IPHONEOS_DEPLOYMENT_TARGET = 17.0;
				MTL_FAST_MATH = YES;
				SDKROOT = iphoneos;
				SWIFT_COMPILATION_MODE = wholemodule;
				SWIFT_OPTIMIZATION_LEVEL = "-O";
				VALIDATE_PRODUCT = YES;
			};
		};
		A100000E000000000000000001 /* Debug */ = {
			isa = XCBuildConfiguration;
			baseConfigurationReference = F0000002000000000000000001 /* Config.xcconfig */;
			name = Debug;
			buildSettings = {
				ASSETCATALOG_COMPILER_APPICON_NAME = AppIcon;
				ASSETCATALOG_COMPILER_GLOBAL_ACCENT_COLOR_NAME = AccentColor;
				CODE_SIGN_ENTITLEMENTS = HealthOS/HealthOS.entitlements;
				CODE_SIGN_STYLE = Automatic;
				CURRENT_PROJECT_VERSION = 1;
				DEVELOPMENT_ASSET_PATHS = "";
				DEVELOPMENT_TEAM = "";
				ENABLE_PREVIEWS = YES;
				GENERATE_INFOPLIST_FILE = NO;
				INFOPLIST_FILE = HealthOS/Info.plist;
				IPHONEOS_DEPLOYMENT_TARGET = 17.0;
				LD_RUNPATH_SEARCH_PATHS = (
					"$(inherited)",
					"@executable_path/Frameworks",
				);
				MARKETING_VERSION = 1.0;
				PRODUCT_BUNDLE_IDENTIFIER = "com.healthos.app";
				PRODUCT_NAME = "$(TARGET_NAME)";
				SWIFT_EMIT_LOC_STRINGS = YES;
				SWIFT_VERSION = 5.9;
				TARGETED_DEVICE_FAMILY = 1;
			};
		};
		A100000F000000000000000001 /* Release */ = {
			isa = XCBuildConfiguration;
			baseConfigurationReference = F0000002000000000000000001 /* Config.xcconfig */;
			name = Release;
			buildSettings = {
				ASSETCATALOG_COMPILER_APPICON_NAME = AppIcon;
				ASSETCATALOG_COMPILER_GLOBAL_ACCENT_COLOR_NAME = AccentColor;
				CODE_SIGN_ENTITLEMENTS = HealthOS/HealthOS.entitlements;
				CODE_SIGN_STYLE = Automatic;
				CURRENT_PROJECT_VERSION = 1;
				DEVELOPMENT_ASSET_PATHS = "";
				DEVELOPMENT_TEAM = "";
				ENABLE_PREVIEWS = YES;
				GENERATE_INFOPLIST_FILE = NO;
				INFOPLIST_FILE = HealthOS/Info.plist;
				IPHONEOS_DEPLOYMENT_TARGET = 17.0;
				LD_RUNPATH_SEARCH_PATHS = (
					"$(inherited)",
					"@executable_path/Frameworks",
				);
				MARKETING_VERSION = 1.0;
				PRODUCT_BUNDLE_IDENTIFIER = "com.healthos.app";
				PRODUCT_NAME = "$(TARGET_NAME)";
				SWIFT_EMIT_LOC_STRINGS = YES;
				SWIFT_VERSION = 5.9;
				TARGETED_DEVICE_FAMILY = 1;
			};
		};
/* End XCBuildConfiguration section */

/* Begin XCConfigurationList section */
		A100000A000000000000000001 /* Build configuration list for PBXProject "HealthOS" */ = {
			isa = XCConfigurationList;
			buildConfigurations = (
				A100000C000000000000000001 /* Debug */,
				A100000D000000000000000001 /* Release */,
			);
			defaultConfigurationIsVisible = 0;
			defaultConfigurationName = Release;
		};
		A100000B000000000000000001 /* Build configuration list for PBXNativeTarget "HealthOS" */ = {
			isa = XCConfigurationList;
			buildConfigurations = (
				A100000E000000000000000001 /* Debug */,
				A100000F000000000000000001 /* Release */,
			);
			defaultConfigurationIsVisible = 0;
			defaultConfigurationName = Release;
		};
/* End XCConfigurationList section */

/* Begin XCRemoteSwiftPackageReference section */
		E1000001000000000000000001 /* XCRemoteSwiftPackageReference "supabase-swift" */ = {
			isa = XCRemoteSwiftPackageReference;
			repositoryURL = "https://github.com/supabase/supabase-swift";
			requirement = {
				kind = upToNextMajorVersion;
				minimumVersion = 2.0.0;
			};
		};
/* End XCRemoteSwiftPackageReference section */

/* Begin XCSwiftPackageProductDependency section */
		E1000002000000000000000001 /* Supabase */ = {
			isa = XCSwiftPackageProductDependency;
			package = E1000001000000000000000001 /* XCRemoteSwiftPackageReference "supabase-swift" */;
			productName = Supabase;
		};
/* End XCSwiftPackageProductDependency section */

	};
	rootObject = A1000006000000000000000001 /* Project object */;
}
